// !$*UTF8*$!
{
	archiveVersion = 1;
	classes = {
	};
	objectVersion = 46;
	objects = {

/* Begin PBXBuildFile section */
		F900F3A11B4BA64900A06829 /* OfferDetailViewController.swift in Sources */ = {isa = PBXBuildFile; fileRef = F900F3A01B4BA64900A06829 /* OfferDetailViewController.swift */; };
		F900F3A31B4BAAEB00A06829 /* Icon-01.png in Resources */ = {isa = PBXBuildFile; fileRef = F900F3A21B4BAAEB00A06829 /* Icon-01.png */; };
		F900F3A51B4BAB5E00A06829 /* QuartzCore.framework in Frameworks */ = {isa = PBXBuildFile; fileRef = F900F3A41B4BAB5E00A06829 /* QuartzCore.framework */; };
		F909259B1B674F8300D22320 /* PersonalizedPreferencesViewController.swift in Sources */ = {isa = PBXBuildFile; fileRef = F909259A1B674F8300D22320 /* PersonalizedPreferencesViewController.swift */; };
		F9177EFF1B6B698700760AB9 /* calendar-128.png in Resources */ = {isa = PBXBuildFile; fileRef = F9177EFE1B6B698700760AB9 /* calendar-128.png */; };
		F91FD2F61B6C236E00532EB1 /* SelectOfferDayViewController.swift in Sources */ = {isa = PBXBuildFile; fileRef = F91FD2F51B6C236E00532EB1 /* SelectOfferDayViewController.swift */; };
		F91FD2F81B6C2E2B00532EB1 /* InformationMessageViewController.swift in Sources */ = {isa = PBXBuildFile; fileRef = F91FD2F71B6C2E2B00532EB1 /* InformationMessageViewController.swift */; };
		F91FD2FA1B6C33CE00532EB1 /* LoadingAlert.swift in Sources */ = {isa = PBXBuildFile; fileRef = F91FD2F91B6C33CE00532EB1 /* LoadingAlert.swift */; };
		F92A26301B6CB98000B236A0 /* LongTextEditFromCellViewController.swift in Sources */ = {isa = PBXBuildFile; fileRef = F92A262F1B6CB98000B236A0 /* LongTextEditFromCellViewController.swift */; };
		F92D2C6A1B4D0F59007DD3CE /* Monsters.xcassets in Resources */ = {isa = PBXBuildFile; fileRef = F92D2C691B4D0F59007DD3CE /* Monsters.xcassets */; };
		F93053B61B4FA2BC006640CF /* OfferTableViewCell.swift in Sources */ = {isa = PBXBuildFile; fileRef = F93053B51B4FA2BC006640CF /* OfferTableViewCell.swift */; };
		F933C16D1B50658E00BF1691 /* AddOfferCategoryViewController.swift in Sources */ = {isa = PBXBuildFile; fileRef = F933C16C1B50658E00BF1691 /* AddOfferCategoryViewController.swift */; };
		F933C16F1B50682E00BF1691 /* AddNewOfferViewController.swift in Sources */ = {isa = PBXBuildFile; fileRef = F933C16E1B50682E00BF1691 /* AddNewOfferViewController.swift */; };
		F933C1711B506DD800BF1691 /* NewOfferCollectionViewCell.swift in Sources */ = {isa = PBXBuildFile; fileRef = F933C1701B506DD800BF1691 /* NewOfferCollectionViewCell.swift */; };
		F938BD2A1B4F1A7C00916C4E /* SettingsViewController.swift in Sources */ = {isa = PBXBuildFile; fileRef = F938BD291B4F1A7C00916C4E /* SettingsViewController.swift */; };
		F93A4BB31B5482B100E1FB18 /* Offer.swift in Sources */ = {isa = PBXBuildFile; fileRef = F93A4BB21B5482B100E1FB18 /* Offer.swift */; };
		F94F76D81B6DA7B600A5FDC6 /* MapEditFromCellViewController.swift in Sources */ = {isa = PBXBuildFile; fileRef = F94F76D71B6DA7B600A5FDC6 /* MapEditFromCellViewController.swift */; };
		F959395B1B570BAC001B981D /* AddOfferDetailViewController.swift in Sources */ = {isa = PBXBuildFile; fileRef = F959395A1B570BAC001B981D /* AddOfferDetailViewController.swift */; };
		F9703FC81B508C9400E9B4DE /* AddOfferInformationViewController.swift in Sources */ = {isa = PBXBuildFile; fileRef = F9703FC71B508C9400E9B4DE /* AddOfferInformationViewController.swift */; };
		F972BFA51B4F421E004FDAEC /* UserProfileTableViewCell.swift in Sources */ = {isa = PBXBuildFile; fileRef = F972BFA41B4F421E004FDAEC /* UserProfileTableViewCell.swift */; };
		F982613D1DB0CA0000A1685A /* ParseFacebookUtilsV4.framework in Frameworks */ = {isa = PBXBuildFile; fileRef = F9ACC6581B56DCA800D12E49 /* ParseFacebookUtilsV4.framework */; };
		F982613E1DB0CA0000A1685A /* ParseFacebookUtilsV4.framework in Embed Frameworks */ = {isa = PBXBuildFile; fileRef = F9ACC6581B56DCA800D12E49 /* ParseFacebookUtilsV4.framework */; settings = {ATTRIBUTES = (CodeSignOnCopy, RemoveHeadersOnCopy, ); }; };
		F982805B1B4C7CBF00435D10 /* MakeSchooolLogo.png in Resources */ = {isa = PBXBuildFile; fileRef = F982805A1B4C7CBF00435D10 /* MakeSchooolLogo.png */; };
		F98280601B4C89BC00435D10 /* FrameAnimations.swift in Sources */ = {isa = PBXBuildFile; fileRef = F982805F1B4C89BC00435D10 /* FrameAnimations.swift */; };
		F98BFF491B62CCF5004C3443 /* BestOfferViewController.swift in Sources */ = {isa = PBXBuildFile; fileRef = F98BFF481B62CCF5004C3443 /* BestOfferViewController.swift */; };
		F98BFF4B1B62F6CB004C3443 /* HourDateFormatter.swift in Sources */ = {isa = PBXBuildFile; fileRef = F98BFF4A1B62F6CB004C3443 /* HourDateFormatter.swift */; };
		F98FC8671B5DC83B005FD7B8 /* FBAudienceNetwork.framework in Frameworks */ = {isa = PBXBuildFile; fileRef = F98FC8611B5DC83A005FD7B8 /* FBAudienceNetwork.framework */; };
		F98FC8681B5DC83B005FD7B8 /* FBSDKCoreKit.framework in Frameworks */ = {isa = PBXBuildFile; fileRef = F98FC8621B5DC83A005FD7B8 /* FBSDKCoreKit.framework */; };
		F98FC8691B5DC83B005FD7B8 /* FBSDKLoginKit.framework in Frameworks */ = {isa = PBXBuildFile; fileRef = F98FC8631B5DC83B005FD7B8 /* FBSDKLoginKit.framework */; };
		F98FC86A1B5DC83B005FD7B8 /* FBSDKMessengerShareKit.framework in Frameworks */ = {isa = PBXBuildFile; fileRef = F98FC8641B5DC83B005FD7B8 /* FBSDKMessengerShareKit.framework */; };
		F98FC86B1B5DC83B005FD7B8 /* FBSDKShareKit.framework in Frameworks */ = {isa = PBXBuildFile; fileRef = F98FC8651B5DC83B005FD7B8 /* FBSDKShareKit.framework */; };
		F98FC86D1B5DC913005FD7B8 /* FacebookSDK.framework in Frameworks */ = {isa = PBXBuildFile; fileRef = F98FC86C1B5DC913005FD7B8 /* FacebookSDK.framework */; };
		F98FC8731B5DCF73005FD7B8 /* LoginViewController.swift in Sources */ = {isa = PBXBuildFile; fileRef = F98FC8721B5DCF73005FD7B8 /* LoginViewController.swift */; };
		F990E3871B606CE6000207FA /* StatusViewController.swift in Sources */ = {isa = PBXBuildFile; fileRef = F990E3861B606CE6000207FA /* StatusViewController.swift */; };
		F99E1F0D1B55D8E30095EF9C /* MyOffersListViewController.swift in Sources */ = {isa = PBXBuildFile; fileRef = F99E1F0C1B55D8E30095EF9C /* MyOffersListViewController.swift */; };
		F9ACC65A1B56DCA800D12E49 /* Bolts.framework in Frameworks */ = {isa = PBXBuildFile; fileRef = F9ACC6541B56DCA800D12E49 /* Bolts.framework */; };
		F9ACC65B1B56DCA800D12E49 /* Parse.framework in Frameworks */ = {isa = PBXBuildFile; fileRef = F9ACC6551B56DCA800D12E49 /* Parse.framework */; };
		F9ACC65C1B56DCA800D12E49 /* ParseCrashReporting.framework in Frameworks */ = {isa = PBXBuildFile; fileRef = F9ACC6561B56DCA800D12E49 /* ParseCrashReporting.framework */; };
		F9ACC65D1B56DCA800D12E49 /* ParseFacebookUtils.framework in Frameworks */ = {isa = PBXBuildFile; fileRef = F9ACC6571B56DCA800D12E49 /* ParseFacebookUtils.framework */; };
		F9ACC65E1B56DCA800D12E49 /* ParseFacebookUtilsV4.framework in Frameworks */ = {isa = PBXBuildFile; fileRef = F9ACC6581B56DCA800D12E49 /* ParseFacebookUtilsV4.framework */; };
		F9ACC65F1B56DCA800D12E49 /* ParseUI.framework in Frameworks */ = {isa = PBXBuildFile; fileRef = F9ACC6591B56DCA800D12E49 /* ParseUI.framework */; };
		F9ACC6611B56DCBF00D12E49 /* libsqlite3.dylib in Frameworks */ = {isa = PBXBuildFile; fileRef = F9ACC6601B56DCBF00D12E49 /* libsqlite3.dylib */; };
		F9ACC6631B56DCC800D12E49 /* libz.dylib in Frameworks */ = {isa = PBXBuildFile; fileRef = F9ACC6621B56DCC800D12E49 /* libz.dylib */; };
		F9ACC6651B56DCCF00D12E49 /* SystemConfiguration.framework in Frameworks */ = {isa = PBXBuildFile; fileRef = F9ACC6641B56DCCF00D12E49 /* SystemConfiguration.framework */; };
		F9ACC6671B56DCD700D12E49 /* StoreKit.framework in Frameworks */ = {isa = PBXBuildFile; fileRef = F9ACC6661B56DCD700D12E49 /* StoreKit.framework */; };
		F9ACC6691B56DCE000D12E49 /* Security.framework in Frameworks */ = {isa = PBXBuildFile; fileRef = F9ACC6681B56DCE000D12E49 /* Security.framework */; };
		F9ACC66B1B56DCEE00D12E49 /* MobileCoreServices.framework in Frameworks */ = {isa = PBXBuildFile; fileRef = F9ACC66A1B56DCEE00D12E49 /* MobileCoreServices.framework */; };
		F9ACC66D1B56DCF500D12E49 /* CoreLocation.framework in Frameworks */ = {isa = PBXBuildFile; fileRef = F9ACC66C1B56DCF500D12E49 /* CoreLocation.framework */; };
		F9ACC66F1B56DCFC00D12E49 /* CoreGraphics.framework in Frameworks */ = {isa = PBXBuildFile; fileRef = F9ACC66E1B56DCFC00D12E49 /* CoreGraphics.framework */; };
		F9ACC6711B56DD0300D12E49 /* CFNetwork.framework in Frameworks */ = {isa = PBXBuildFile; fileRef = F9ACC6701B56DD0300D12E49 /* CFNetwork.framework */; };
		F9ACC6731B56DD0A00D12E49 /* AudioToolbox.framework in Frameworks */ = {isa = PBXBuildFile; fileRef = F9ACC6721B56DD0A00D12E49 /* AudioToolbox.framework */; };
		F9ACED7B1B5F193800935BC4 /* PreferencesViewController.swift in Sources */ = {isa = PBXBuildFile; fileRef = F9ACED7A1B5F193800935BC4 /* PreferencesViewController.swift */; };
		F9BA159C1B698DB600155847 /* Preference.swift in Sources */ = {isa = PBXBuildFile; fileRef = F9BA159B1B698DB600155847 /* Preference.swift */; };
		F9D95D331B50CD15002CCD2E /* EditFromCellViewController.swift in Sources */ = {isa = PBXBuildFile; fileRef = F9D95D321B50CD15002CCD2E /* EditFromCellViewController.swift */; };
		F9D95D351B50CF4B002CCD2E /* Extensions.swift in Sources */ = {isa = PBXBuildFile; fileRef = F9D95D341B50CF4B002CCD2E /* Extensions.swift */; };
		F9D95D371B50DBCE002CCD2E /* Main.storyboard in Resources */ = {isa = PBXBuildFile; fileRef = F9D95D361B50DBCE002CCD2E /* Main.storyboard */; };
		F9DD0B1A1B70898F0011F62F /* GLCalendarDateRange.m in Sources */ = {isa = PBXBuildFile; fileRef = F9DD0B061B70898F0011F62F /* GLCalendarDateRange.m */; };
		F9DD0B1B1B70898F0011F62F /* GLCalendarDayCell.m in Sources */ = {isa = PBXBuildFile; fileRef = F9DD0B091B70898F0011F62F /* GLCalendarDayCell.m */; };
		F9DD0B1C1B70898F0011F62F /* GLCalendarDayCell.xib in Resources */ = {isa = PBXBuildFile; fileRef = F9DD0B0A1B70898F0011F62F /* GLCalendarDayCell.xib */; };
		F9DD0B1D1B70898F0011F62F /* GLCalendarDayCellBackgroundCover.m in Sources */ = {isa = PBXBuildFile; fileRef = F9DD0B0C1B70898F0011F62F /* GLCalendarDayCellBackgroundCover.m */; };
		F9DD0B1E1B70898F0011F62F /* GLCalendarMonthCoverView.m in Sources */ = {isa = PBXBuildFile; fileRef = F9DD0B0E1B70898F0011F62F /* GLCalendarMonthCoverView.m */; };
		F9DD0B1F1B70898F0011F62F /* GLCalendarView.m in Sources */ = {isa = PBXBuildFile; fileRef = F9DD0B101B70898F0011F62F /* GLCalendarView.m */; };
		F9DD0B201B70898F0011F62F /* GLCalendarView.xib in Resources */ = {isa = PBXBuildFile; fileRef = F9DD0B111B70898F0011F62F /* GLCalendarView.xib */; };
		F9DD0B211B70898F0011F62F /* GLDateUtils.m in Sources */ = {isa = PBXBuildFile; fileRef = F9DD0B131B70898F0011F62F /* GLDateUtils.m */; };
		F9DD0B221B70898F0011F62F /* gl-calendar-magnify-glass.png in Resources */ = {isa = PBXBuildFile; fileRef = F9DD0B151B70898F0011F62F /* gl-calendar-magnify-glass.png */; };
		F9DD0B231B70898F0011F62F /* gl-calendar-magnify-glass@2x.png in Resources */ = {isa = PBXBuildFile; fileRef = F9DD0B161B70898F0011F62F /* gl-calendar-magnify-glass@2x.png */; };
		F9DD0B241B70898F0011F62F /* gl-calendar-shadow.png in Resources */ = {isa = PBXBuildFile; fileRef = F9DD0B171B70898F0011F62F /* gl-calendar-shadow.png */; };
		F9DD0B251B70898F0011F62F /* gl-calendar-shadow@2x.png in Resources */ = {isa = PBXBuildFile; fileRef = F9DD0B181B70898F0011F62F /* gl-calendar-shadow@2x.png */; };
		F9DD0B261B70898F0011F62F /* gl-calendar-shadow@3x.png in Resources */ = {isa = PBXBuildFile; fileRef = F9DD0B191B70898F0011F62F /* gl-calendar-shadow@3x.png */; };
		F9DD0B281B708AEC0011F62F /* OfferCalendarViewController.swift in Sources */ = {isa = PBXBuildFile; fileRef = F9DD0B271B708AEC0011F62F /* OfferCalendarViewController.swift */; };
		F9DFEC401B4F34AA00318360 /* UserSwitchTableViewCell.swift in Sources */ = {isa = PBXBuildFile; fileRef = F9DFEC3F1B4F34AA00318360 /* UserSwitchTableViewCell.swift */; };
		F9F0F9C41B58587A00437D4B /* Subcategory.swift in Sources */ = {isa = PBXBuildFile; fileRef = F9F0F9C31B58587A00437D4B /* Subcategory.swift */; };
		F9F832BB1B4B53C900C54882 /* AppDelegate.swift in Sources */ = {isa = PBXBuildFile; fileRef = F9F832BA1B4B53C900C54882 /* AppDelegate.swift */; };
		F9F832BD1B4B53C900C54882 /* MapViewController.swift in Sources */ = {isa = PBXBuildFile; fileRef = F9F832BC1B4B53C900C54882 /* MapViewController.swift */; };
		F9F832BF1B4B53C900C54882 /* OffersListViewController.swift in Sources */ = {isa = PBXBuildFile; fileRef = F9F832BE1B4B53C900C54882 /* OffersListViewController.swift */; };
		F9F832C41B4B53C900C54882 /* Images.xcassets in Resources */ = {isa = PBXBuildFile; fileRef = F9F832C31B4B53C900C54882 /* Images.xcassets */; };
		F9F832C71B4B53C900C54882 /* LaunchScreen.xib in Resources */ = {isa = PBXBuildFile; fileRef = F9F832C51B4B53C900C54882 /* LaunchScreen.xib */; };
		F9F832D31B4B53C900C54882 /* AnkatTests.swift in Sources */ = {isa = PBXBuildFile; fileRef = F9F832D21B4B53C900C54882 /* AnkatTests.swift */; };
		F9F832DD1B4B553F00C54882 /* MapKit.framework in Frameworks */ = {isa = PBXBuildFile; fileRef = F9F832DC1B4B553F00C54882 /* MapKit.framework */; };
		F9F832E71B4B5CC100C54882 /* Animator.swift in Sources */ = {isa = PBXBuildFile; fileRef = F9F832E61B4B5CC100C54882 /* Animator.swift */; };
		F9FD5B7E1B504B8000A39DBD /* DataManager.swift in Sources */ = {isa = PBXBuildFile; fileRef = F9FD5B7D1B504B8000A39DBD /* DataManager.swift */; };
		F9FDBAA11B576FDA0020DABA /* AddOfferSavedViewController.swift in Sources */ = {isa = PBXBuildFile; fileRef = F9FDBAA01B576FDA0020DABA /* AddOfferSavedViewController.swift */; };
/* End PBXBuildFile section */

/* Begin PBXContainerItemProxy section */
		F9F832CD1B4B53C900C54882 /* PBXContainerItemProxy */ = {
			isa = PBXContainerItemProxy;
			containerPortal = F9F832AD1B4B53C900C54882 /* Project object */;
			proxyType = 1;
			remoteGlobalIDString = F9F832B41B4B53C900C54882;
			remoteInfo = Ankat;
		};
/* End PBXContainerItemProxy section */

/* Begin PBXCopyFilesBuildPhase section */
		F982613F1DB0CA0000A1685A /* Embed Frameworks */ = {
			isa = PBXCopyFilesBuildPhase;
			buildActionMask = 2147483647;
			dstPath = "";
			dstSubfolderSpec = 10;
			files = (
				F982613E1DB0CA0000A1685A /* ParseFacebookUtilsV4.framework in Embed Frameworks */,
			);
			name = "Embed Frameworks";
			runOnlyForDeploymentPostprocessing = 0;
		};
/* End PBXCopyFilesBuildPhase section */

/* Begin PBXFileReference section */
		F900F3A01B4BA64900A06829 /* OfferDetailViewController.swift */ = {isa = PBXFileReference; fileEncoding = 4; lastKnownFileType = sourcecode.swift; path = OfferDetailViewController.swift; sourceTree = "<group>"; };
		F900F3A21B4BAAEB00A06829 /* Icon-01.png */ = {isa = PBXFileReference; lastKnownFileType = image.png; path = "Icon-01.png"; sourceTree = "<group>"; };
		F900F3A41B4BAB5E00A06829 /* QuartzCore.framework */ = {isa = PBXFileReference; lastKnownFileType = wrapper.framework; name = QuartzCore.framework; path = System/Library/Frameworks/QuartzCore.framework; sourceTree = SDKROOT; };
		F909259A1B674F8300D22320 /* PersonalizedPreferencesViewController.swift */ = {isa = PBXFileReference; fileEncoding = 4; lastKnownFileType = sourcecode.swift; name = PersonalizedPreferencesViewController.swift; path = "General View Controllers/PersonalizedPreferencesViewController.swift"; sourceTree = "<group>"; };
		F9177EFE1B6B698700760AB9 /* calendar-128.png */ = {isa = PBXFileReference; lastKnownFileType = image.png; path = "calendar-128.png"; sourceTree = "<group>"; };
		F91FD2F51B6C236E00532EB1 /* SelectOfferDayViewController.swift */ = {isa = PBXFileReference; fileEncoding = 4; lastKnownFileType = sourcecode.swift; name = SelectOfferDayViewController.swift; path = MyOffers/SelectOfferDayViewController.swift; sourceTree = "<group>"; };
		F91FD2F71B6C2E2B00532EB1 /* InformationMessageViewController.swift */ = {isa = PBXFileReference; fileEncoding = 4; lastKnownFileType = sourcecode.swift; name = InformationMessageViewController.swift; path = "General View Controllers/InformationMessageViewController.swift"; sourceTree = "<group>"; };
		F91FD2F91B6C33CE00532EB1 /* LoadingAlert.swift */ = {isa = PBXFileReference; fileEncoding = 4; lastKnownFileType = sourcecode.swift; name = LoadingAlert.swift; path = Helpers/LoadingAlert.swift; sourceTree = "<group>"; };
		F92A262F1B6CB98000B236A0 /* LongTextEditFromCellViewController.swift */ = {isa = PBXFileReference; fileEncoding = 4; lastKnownFileType = sourcecode.swift; name = LongTextEditFromCellViewController.swift; path = "General View Controllers/LongTextEditFromCellViewController.swift"; sourceTree = "<group>"; };
		F92D2C691B4D0F59007DD3CE /* Monsters.xcassets */ = {isa = PBXFileReference; lastKnownFileType = folder.assetcatalog; path = Monsters.xcassets; sourceTree = "<group>"; };
		F93053B51B4FA2BC006640CF /* OfferTableViewCell.swift */ = {isa = PBXFileReference; fileEncoding = 4; lastKnownFileType = sourcecode.swift; name = OfferTableViewCell.swift; path = Views/OfferTableViewCell.swift; sourceTree = "<group>"; };
		F933C16C1B50658E00BF1691 /* AddOfferCategoryViewController.swift */ = {isa = PBXFileReference; fileEncoding = 4; lastKnownFileType = sourcecode.swift; path = AddOfferCategoryViewController.swift; sourceTree = "<group>"; };
		F933C16E1B50682E00BF1691 /* AddNewOfferViewController.swift */ = {isa = PBXFileReference; fileEncoding = 4; lastKnownFileType = sourcecode.swift; path = AddNewOfferViewController.swift; sourceTree = "<group>"; };
		F933C1701B506DD800BF1691 /* NewOfferCollectionViewCell.swift */ = {isa = PBXFileReference; fileEncoding = 4; lastKnownFileType = sourcecode.swift; name = NewOfferCollectionViewCell.swift; path = Views/NewOfferCollectionViewCell.swift; sourceTree = "<group>"; };
		F938BD291B4F1A7C00916C4E /* SettingsViewController.swift */ = {isa = PBXFileReference; fileEncoding = 4; lastKnownFileType = sourcecode.swift; path = SettingsViewController.swift; sourceTree = "<group>"; };
		F93A4BB21B5482B100E1FB18 /* Offer.swift */ = {isa = PBXFileReference; fileEncoding = 4; lastKnownFileType = sourcecode.swift; path = Offer.swift; sourceTree = "<group>"; };
		F94F76D71B6DA7B600A5FDC6 /* MapEditFromCellViewController.swift */ = {isa = PBXFileReference; fileEncoding = 4; lastKnownFileType = sourcecode.swift; name = MapEditFromCellViewController.swift; path = "General View Controllers/MapEditFromCellViewController.swift"; sourceTree = "<group>"; };
		F959395A1B570BAC001B981D /* AddOfferDetailViewController.swift */ = {isa = PBXFileReference; fileEncoding = 4; lastKnownFileType = sourcecode.swift; path = AddOfferDetailViewController.swift; sourceTree = "<group>"; };
		F9703FC71B508C9400E9B4DE /* AddOfferInformationViewController.swift */ = {isa = PBXFileReference; fileEncoding = 4; lastKnownFileType = sourcecode.swift; path = AddOfferInformationViewController.swift; sourceTree = "<group>"; };
		F972BFA41B4F421E004FDAEC /* UserProfileTableViewCell.swift */ = {isa = PBXFileReference; fileEncoding = 4; lastKnownFileType = sourcecode.swift; name = UserProfileTableViewCell.swift; path = Views/UserProfileTableViewCell.swift; sourceTree = "<group>"; };
		F982805A1B4C7CBF00435D10 /* MakeSchooolLogo.png */ = {isa = PBXFileReference; lastKnownFileType = image.png; path = MakeSchooolLogo.png; sourceTree = "<group>"; };
		F982805F1B4C89BC00435D10 /* FrameAnimations.swift */ = {isa = PBXFileReference; fileEncoding = 4; lastKnownFileType = sourcecode.swift; name = FrameAnimations.swift; path = Helpers/FrameAnimations.swift; sourceTree = "<group>"; };
		F98BFF481B62CCF5004C3443 /* BestOfferViewController.swift */ = {isa = PBXFileReference; fileEncoding = 4; lastKnownFileType = sourcecode.swift; path = BestOfferViewController.swift; sourceTree = "<group>"; };
		F98BFF4A1B62F6CB004C3443 /* HourDateFormatter.swift */ = {isa = PBXFileReference; fileEncoding = 4; lastKnownFileType = sourcecode.swift; path = HourDateFormatter.swift; sourceTree = "<group>"; };
		F98FC8611B5DC83A005FD7B8 /* FBAudienceNetwork.framework */ = {isa = PBXFileReference; lastKnownFileType = wrapper.framework; path = FBAudienceNetwork.framework; sourceTree = "<group>"; };
		F98FC8621B5DC83A005FD7B8 /* FBSDKCoreKit.framework */ = {isa = PBXFileReference; lastKnownFileType = wrapper.framework; path = FBSDKCoreKit.framework; sourceTree = "<group>"; };
		F98FC8631B5DC83B005FD7B8 /* FBSDKLoginKit.framework */ = {isa = PBXFileReference; lastKnownFileType = wrapper.framework; path = FBSDKLoginKit.framework; sourceTree = "<group>"; };
		F98FC8641B5DC83B005FD7B8 /* FBSDKMessengerShareKit.framework */ = {isa = PBXFileReference; lastKnownFileType = wrapper.framework; path = FBSDKMessengerShareKit.framework; sourceTree = "<group>"; };
		F98FC8651B5DC83B005FD7B8 /* FBSDKShareKit.framework */ = {isa = PBXFileReference; lastKnownFileType = wrapper.framework; path = FBSDKShareKit.framework; sourceTree = "<group>"; };
		F98FC86C1B5DC913005FD7B8 /* FacebookSDK.framework */ = {isa = PBXFileReference; lastKnownFileType = wrapper.framework; path = FacebookSDK.framework; sourceTree = "<group>"; };
		F98FC8701B5DCB80005FD7B8 /* Ankat-Bridging-Header.h */ = {isa = PBXFileReference; lastKnownFileType = sourcecode.c.h; path = "Ankat-Bridging-Header.h"; sourceTree = "<group>"; };
		F98FC8721B5DCF73005FD7B8 /* LoginViewController.swift */ = {isa = PBXFileReference; fileEncoding = 4; lastKnownFileType = sourcecode.swift; path = LoginViewController.swift; sourceTree = "<group>"; };
		F990E3861B606CE6000207FA /* StatusViewController.swift */ = {isa = PBXFileReference; fileEncoding = 4; lastKnownFileType = sourcecode.swift; path = StatusViewController.swift; sourceTree = "<group>"; };
		F99E1F0C1B55D8E30095EF9C /* MyOffersListViewController.swift */ = {isa = PBXFileReference; fileEncoding = 4; lastKnownFileType = sourcecode.swift; path = MyOffersListViewController.swift; sourceTree = "<group>"; };
		F9ACC6541B56DCA800D12E49 /* Bolts.framework */ = {isa = PBXFileReference; lastKnownFileType = wrapper.framework; path = Bolts.framework; sourceTree = "<group>"; };
		F9ACC6551B56DCA800D12E49 /* Parse.framework */ = {isa = PBXFileReference; lastKnownFileType = wrapper.framework; path = Parse.framework; sourceTree = "<group>"; };
		F9ACC6561B56DCA800D12E49 /* ParseCrashReporting.framework */ = {isa = PBXFileReference; lastKnownFileType = wrapper.framework; path = ParseCrashReporting.framework; sourceTree = "<group>"; };
		F9ACC6571B56DCA800D12E49 /* ParseFacebookUtils.framework */ = {isa = PBXFileReference; lastKnownFileType = wrapper.framework; path = ParseFacebookUtils.framework; sourceTree = "<group>"; };
		F9ACC6581B56DCA800D12E49 /* ParseFacebookUtilsV4.framework */ = {isa = PBXFileReference; lastKnownFileType = wrapper.framework; path = ParseFacebookUtilsV4.framework; sourceTree = "<group>"; };
		F9ACC6591B56DCA800D12E49 /* ParseUI.framework */ = {isa = PBXFileReference; lastKnownFileType = wrapper.framework; path = ParseUI.framework; sourceTree = "<group>"; };
		F9ACC6601B56DCBF00D12E49 /* libsqlite3.dylib */ = {isa = PBXFileReference; lastKnownFileType = "compiled.mach-o.dylib"; name = libsqlite3.dylib; path = usr/lib/libsqlite3.dylib; sourceTree = SDKROOT; };
		F9ACC6621B56DCC800D12E49 /* libz.dylib */ = {isa = PBXFileReference; lastKnownFileType = "compiled.mach-o.dylib"; name = libz.dylib; path = usr/lib/libz.dylib; sourceTree = SDKROOT; };
		F9ACC6641B56DCCF00D12E49 /* SystemConfiguration.framework */ = {isa = PBXFileReference; lastKnownFileType = wrapper.framework; name = SystemConfiguration.framework; path = System/Library/Frameworks/SystemConfiguration.framework; sourceTree = SDKROOT; };
		F9ACC6661B56DCD700D12E49 /* StoreKit.framework */ = {isa = PBXFileReference; lastKnownFileType = wrapper.framework; name = StoreKit.framework; path = System/Library/Frameworks/StoreKit.framework; sourceTree = SDKROOT; };
		F9ACC6681B56DCE000D12E49 /* Security.framework */ = {isa = PBXFileReference; lastKnownFileType = wrapper.framework; name = Security.framework; path = System/Library/Frameworks/Security.framework; sourceTree = SDKROOT; };
		F9ACC66A1B56DCEE00D12E49 /* MobileCoreServices.framework */ = {isa = PBXFileReference; lastKnownFileType = wrapper.framework; name = MobileCoreServices.framework; path = System/Library/Frameworks/MobileCoreServices.framework; sourceTree = SDKROOT; };
		F9ACC66C1B56DCF500D12E49 /* CoreLocation.framework */ = {isa = PBXFileReference; lastKnownFileType = wrapper.framework; name = CoreLocation.framework; path = System/Library/Frameworks/CoreLocation.framework; sourceTree = SDKROOT; };
		F9ACC66E1B56DCFC00D12E49 /* CoreGraphics.framework */ = {isa = PBXFileReference; lastKnownFileType = wrapper.framework; name = CoreGraphics.framework; path = System/Library/Frameworks/CoreGraphics.framework; sourceTree = SDKROOT; };
		F9ACC6701B56DD0300D12E49 /* CFNetwork.framework */ = {isa = PBXFileReference; lastKnownFileType = wrapper.framework; name = CFNetwork.framework; path = System/Library/Frameworks/CFNetwork.framework; sourceTree = SDKROOT; };
		F9ACC6721B56DD0A00D12E49 /* AudioToolbox.framework */ = {isa = PBXFileReference; lastKnownFileType = wrapper.framework; name = AudioToolbox.framework; path = System/Library/Frameworks/AudioToolbox.framework; sourceTree = SDKROOT; };
		F9ACED7A1B5F193800935BC4 /* PreferencesViewController.swift */ = {isa = PBXFileReference; fileEncoding = 4; lastKnownFileType = sourcecode.swift; path = PreferencesViewController.swift; sourceTree = "<group>"; };
		F9BA159B1B698DB600155847 /* Preference.swift */ = {isa = PBXFileReference; fileEncoding = 4; lastKnownFileType = sourcecode.swift; path = Preference.swift; sourceTree = "<group>"; };
		F9D95D321B50CD15002CCD2E /* EditFromCellViewController.swift */ = {isa = PBXFileReference; fileEncoding = 4; lastKnownFileType = sourcecode.swift; name = EditFromCellViewController.swift; path = "General View Controllers/EditFromCellViewController.swift"; sourceTree = "<group>"; };
		F9D95D341B50CF4B002CCD2E /* Extensions.swift */ = {isa = PBXFileReference; fileEncoding = 4; lastKnownFileType = sourcecode.swift; name = Extensions.swift; path = Helpers/Extensions.swift; sourceTree = "<group>"; };
		F9D95D361B50DBCE002CCD2E /* Main.storyboard */ = {isa = PBXFileReference; fileEncoding = 4; lastKnownFileType = file.storyboard; name = Main.storyboard; path = Base.lproj/Main.storyboard; sourceTree = "<group>"; };
		F9DD0B051B70898F0011F62F /* GLCalendarDateRange.h */ = {isa = PBXFileReference; fileEncoding = 4; lastKnownFileType = sourcecode.c.h; path = GLCalendarDateRange.h; sourceTree = "<group>"; };
		F9DD0B061B70898F0011F62F /* GLCalendarDateRange.m */ = {isa = PBXFileReference; fileEncoding = 4; lastKnownFileType = sourcecode.c.objc; path = GLCalendarDateRange.m; sourceTree = "<group>"; };
		F9DD0B081B70898F0011F62F /* GLCalendarDayCell.h */ = {isa = PBXFileReference; fileEncoding = 4; lastKnownFileType = sourcecode.c.h; path = GLCalendarDayCell.h; sourceTree = "<group>"; };
		F9DD0B091B70898F0011F62F /* GLCalendarDayCell.m */ = {isa = PBXFileReference; fileEncoding = 4; lastKnownFileType = sourcecode.c.objc; path = GLCalendarDayCell.m; sourceTree = "<group>"; };
		F9DD0B0A1B70898F0011F62F /* GLCalendarDayCell.xib */ = {isa = PBXFileReference; fileEncoding = 4; lastKnownFileType = file.xib; path = GLCalendarDayCell.xib; sourceTree = "<group>"; };
		F9DD0B0B1B70898F0011F62F /* GLCalendarDayCellBackgroundCover.h */ = {isa = PBXFileReference; fileEncoding = 4; lastKnownFileType = sourcecode.c.h; path = GLCalendarDayCellBackgroundCover.h; sourceTree = "<group>"; };
		F9DD0B0C1B70898F0011F62F /* GLCalendarDayCellBackgroundCover.m */ = {isa = PBXFileReference; fileEncoding = 4; lastKnownFileType = sourcecode.c.objc; path = GLCalendarDayCellBackgroundCover.m; sourceTree = "<group>"; };
		F9DD0B0D1B70898F0011F62F /* GLCalendarMonthCoverView.h */ = {isa = PBXFileReference; fileEncoding = 4; lastKnownFileType = sourcecode.c.h; path = GLCalendarMonthCoverView.h; sourceTree = "<group>"; };
		F9DD0B0E1B70898F0011F62F /* GLCalendarMonthCoverView.m */ = {isa = PBXFileReference; fileEncoding = 4; lastKnownFileType = sourcecode.c.objc; path = GLCalendarMonthCoverView.m; sourceTree = "<group>"; };
		F9DD0B0F1B70898F0011F62F /* GLCalendarView.h */ = {isa = PBXFileReference; fileEncoding = 4; lastKnownFileType = sourcecode.c.h; path = GLCalendarView.h; sourceTree = "<group>"; };
		F9DD0B101B70898F0011F62F /* GLCalendarView.m */ = {isa = PBXFileReference; fileEncoding = 4; lastKnownFileType = sourcecode.c.objc; path = GLCalendarView.m; sourceTree = "<group>"; };
		F9DD0B111B70898F0011F62F /* GLCalendarView.xib */ = {isa = PBXFileReference; fileEncoding = 4; lastKnownFileType = file.xib; path = GLCalendarView.xib; sourceTree = "<group>"; };
		F9DD0B121B70898F0011F62F /* GLDateUtils.h */ = {isa = PBXFileReference; fileEncoding = 4; lastKnownFileType = sourcecode.c.h; path = GLDateUtils.h; sourceTree = "<group>"; };
		F9DD0B131B70898F0011F62F /* GLDateUtils.m */ = {isa = PBXFileReference; fileEncoding = 4; lastKnownFileType = sourcecode.c.objc; path = GLDateUtils.m; sourceTree = "<group>"; };
		F9DD0B151B70898F0011F62F /* gl-calendar-magnify-glass.png */ = {isa = PBXFileReference; lastKnownFileType = image.png; path = "gl-calendar-magnify-glass.png"; sourceTree = "<group>"; };
		F9DD0B161B70898F0011F62F /* gl-calendar-magnify-glass@2x.png */ = {isa = PBXFileReference; lastKnownFileType = image.png; path = "gl-calendar-magnify-glass@2x.png"; sourceTree = "<group>"; };
		F9DD0B171B70898F0011F62F /* gl-calendar-shadow.png */ = {isa = PBXFileReference; lastKnownFileType = image.png; path = "gl-calendar-shadow.png"; sourceTree = "<group>"; };
		F9DD0B181B70898F0011F62F /* gl-calendar-shadow@2x.png */ = {isa = PBXFileReference; lastKnownFileType = image.png; path = "gl-calendar-shadow@2x.png"; sourceTree = "<group>"; };
		F9DD0B191B70898F0011F62F /* gl-calendar-shadow@3x.png */ = {isa = PBXFileReference; lastKnownFileType = image.png; path = "gl-calendar-shadow@3x.png"; sourceTree = "<group>"; };
		F9DD0B271B708AEC0011F62F /* OfferCalendarViewController.swift */ = {isa = PBXFileReference; fileEncoding = 4; lastKnownFileType = sourcecode.swift; name = OfferCalendarViewController.swift; path = MyOffers/OfferCalendarViewController.swift; sourceTree = "<group>"; };
		F9DFEC3F1B4F34AA00318360 /* UserSwitchTableViewCell.swift */ = {isa = PBXFileReference; fileEncoding = 4; lastKnownFileType = sourcecode.swift; name = UserSwitchTableViewCell.swift; path = Views/UserSwitchTableViewCell.swift; sourceTree = "<group>"; };
		F9F0F9C31B58587A00437D4B /* Subcategory.swift */ = {isa = PBXFileReference; fileEncoding = 4; lastKnownFileType = sourcecode.swift; path = Subcategory.swift; sourceTree = "<group>"; };
		F9F832B51B4B53C900C54882 /* Ankat.app */ = {isa = PBXFileReference; explicitFileType = wrapper.application; includeInIndex = 0; path = Ankat.app; sourceTree = BUILT_PRODUCTS_DIR; };
		F9F832B91B4B53C900C54882 /* Info.plist */ = {isa = PBXFileReference; lastKnownFileType = text.plist.xml; path = Info.plist; sourceTree = "<group>"; };
		F9F832BA1B4B53C900C54882 /* AppDelegate.swift */ = {isa = PBXFileReference; lastKnownFileType = sourcecode.swift; path = AppDelegate.swift; sourceTree = "<group>"; };
		F9F832BC1B4B53C900C54882 /* MapViewController.swift */ = {isa = PBXFileReference; lastKnownFileType = sourcecode.swift; path = MapViewController.swift; sourceTree = "<group>"; };
		F9F832BE1B4B53C900C54882 /* OffersListViewController.swift */ = {isa = PBXFileReference; lastKnownFileType = sourcecode.swift; path = OffersListViewController.swift; sourceTree = "<group>"; };
		F9F832C31B4B53C900C54882 /* Images.xcassets */ = {isa = PBXFileReference; lastKnownFileType = folder.assetcatalog; path = Images.xcassets; sourceTree = "<group>"; };
		F9F832C61B4B53C900C54882 /* Base */ = {isa = PBXFileReference; lastKnownFileType = file.xib; name = Base; path = Base.lproj/LaunchScreen.xib; sourceTree = "<group>"; };
		F9F832CC1B4B53C900C54882 /* AnkatTests.xctest */ = {isa = PBXFileReference; explicitFileType = wrapper.cfbundle; includeInIndex = 0; path = AnkatTests.xctest; sourceTree = BUILT_PRODUCTS_DIR; };
		F9F832D11B4B53C900C54882 /* Info.plist */ = {isa = PBXFileReference; lastKnownFileType = text.plist.xml; path = Info.plist; sourceTree = "<group>"; };
		F9F832D21B4B53C900C54882 /* AnkatTests.swift */ = {isa = PBXFileReference; lastKnownFileType = sourcecode.swift; path = AnkatTests.swift; sourceTree = "<group>"; };
		F9F832DC1B4B553F00C54882 /* MapKit.framework */ = {isa = PBXFileReference; lastKnownFileType = wrapper.framework; name = MapKit.framework; path = System/Library/Frameworks/MapKit.framework; sourceTree = SDKROOT; };
		F9F832E61B4B5CC100C54882 /* Animator.swift */ = {isa = PBXFileReference; fileEncoding = 4; lastKnownFileType = sourcecode.swift; name = Animator.swift; path = Helpers/Animator.swift; sourceTree = "<group>"; };
		F9FD5B7D1B504B8000A39DBD /* DataManager.swift */ = {isa = PBXFileReference; fileEncoding = 4; lastKnownFileType = sourcecode.swift; name = DataManager.swift; path = Helpers/DataManager.swift; sourceTree = "<group>"; };
		F9FDBAA01B576FDA0020DABA /* AddOfferSavedViewController.swift */ = {isa = PBXFileReference; fileEncoding = 4; lastKnownFileType = sourcecode.swift; path = AddOfferSavedViewController.swift; sourceTree = "<group>"; };
/* End PBXFileReference section */

/* Begin PBXFrameworksBuildPhase section */
		F9F832B21B4B53C900C54882 /* Frameworks */ = {
			isa = PBXFrameworksBuildPhase;
			buildActionMask = 2147483647;
			files = (
				F98FC86D1B5DC913005FD7B8 /* FacebookSDK.framework in Frameworks */,
				F9ACC6731B56DD0A00D12E49 /* AudioToolbox.framework in Frameworks */,
				F9ACC6711B56DD0300D12E49 /* CFNetwork.framework in Frameworks */,
				F98FC8671B5DC83B005FD7B8 /* FBAudienceNetwork.framework in Frameworks */,
				F98FC8681B5DC83B005FD7B8 /* FBSDKCoreKit.framework in Frameworks */,
				F9ACC66F1B56DCFC00D12E49 /* CoreGraphics.framework in Frameworks */,
				F98FC86A1B5DC83B005FD7B8 /* FBSDKMessengerShareKit.framework in Frameworks */,
				F9ACC66D1B56DCF500D12E49 /* CoreLocation.framework in Frameworks */,
				F98FC86B1B5DC83B005FD7B8 /* FBSDKShareKit.framework in Frameworks */,
				F9ACC66B1B56DCEE00D12E49 /* MobileCoreServices.framework in Frameworks */,
				F98FC8691B5DC83B005FD7B8 /* FBSDKLoginKit.framework in Frameworks */,
				F900F3A51B4BAB5E00A06829 /* QuartzCore.framework in Frameworks */,
				F9ACC6691B56DCE000D12E49 /* Security.framework in Frameworks */,
				F9ACC6671B56DCD700D12E49 /* StoreKit.framework in Frameworks */,
				F9ACC6651B56DCCF00D12E49 /* SystemConfiguration.framework in Frameworks */,
				F9ACC6631B56DCC800D12E49 /* libz.dylib in Frameworks */,
				F9ACC6611B56DCBF00D12E49 /* libsqlite3.dylib in Frameworks */,
				F9ACC65A1B56DCA800D12E49 /* Bolts.framework in Frameworks */,
				F9ACC65C1B56DCA800D12E49 /* ParseCrashReporting.framework in Frameworks */,
				F9ACC65E1B56DCA800D12E49 /* ParseFacebookUtilsV4.framework in Frameworks */,
				F9ACC65D1B56DCA800D12E49 /* ParseFacebookUtils.framework in Frameworks */,
				F9ACC65B1B56DCA800D12E49 /* Parse.framework in Frameworks */,
				F9ACC65F1B56DCA800D12E49 /* ParseUI.framework in Frameworks */,
				F9F832DD1B4B553F00C54882 /* MapKit.framework in Frameworks */,
				F982613D1DB0CA0000A1685A /* ParseFacebookUtilsV4.framework in Frameworks */,
			);
			runOnlyForDeploymentPostprocessing = 0;
		};
		F9F832C91B4B53C900C54882 /* Frameworks */ = {
			isa = PBXFrameworksBuildPhase;
			buildActionMask = 2147483647;
			files = (
			);
			runOnlyForDeploymentPostprocessing = 0;
		};
/* End PBXFrameworksBuildPhase section */

/* Begin PBXGroup section */
		F938BD261B4F1A1300916C4E /* TMP */ = {
			isa = PBXGroup;
			children = (
				F9177EFE1B6B698700760AB9 /* calendar-128.png */,
			);
			name = TMP;
			sourceTree = "<group>";
		};
		F938BD2E1B4F29B100916C4E /* Views */ = {
			isa = PBXGroup;
			children = (
				F9DFEC3F1B4F34AA00318360 /* UserSwitchTableViewCell.swift */,
				F972BFA41B4F421E004FDAEC /* UserProfileTableViewCell.swift */,
				F93053B51B4FA2BC006640CF /* OfferTableViewCell.swift */,
				F933C1701B506DD800BF1691 /* NewOfferCollectionViewCell.swift */,
			);
			name = Views;
			sourceTree = "<group>";
		};
		F93A4BB11B5482B100E1FB18 /* Models */ = {
			isa = PBXGroup;
			children = (
				F93A4BB21B5482B100E1FB18 /* Offer.swift */,
				F9F0F9C31B58587A00437D4B /* Subcategory.swift */,
				F9BA159B1B698DB600155847 /* Preference.swift */,
			);
			path = Models;
			sourceTree = "<group>";
		};
		F98261421DB0CC4C00A1685A /* Controllers */ = {
			isa = PBXGroup;
			children = (
				F990E3861B606CE6000207FA /* StatusViewController.swift */,
				F98BFF481B62CCF5004C3443 /* BestOfferViewController.swift */,
				F9F832BC1B4B53C900C54882 /* MapViewController.swift */,
				F9F832BE1B4B53C900C54882 /* OffersListViewController.swift */,
				F900F3A01B4BA64900A06829 /* OfferDetailViewController.swift */,
				F938BD291B4F1A7C00916C4E /* SettingsViewController.swift */,
			);
			path = Controllers;
			sourceTree = "<group>";
		};
		F9B907271B6BF97D009D9C2C /* My Offers */ = {
			isa = PBXGroup;
			children = (
				F99E1F0C1B55D8E30095EF9C /* MyOffersListViewController.swift */,
				F9703FC71B508C9400E9B4DE /* AddOfferInformationViewController.swift */,
				F933C16C1B50658E00BF1691 /* AddOfferCategoryViewController.swift */,
				F959395A1B570BAC001B981D /* AddOfferDetailViewController.swift */,
				F9FDBAA01B576FDA0020DABA /* AddOfferSavedViewController.swift */,
				F933C16E1B50682E00BF1691 /* AddNewOfferViewController.swift */,
				F9DD0B271B708AEC0011F62F /* OfferCalendarViewController.swift */,
				F91FD2F51B6C236E00532EB1 /* SelectOfferDayViewController.swift */,
			);
			name = "My Offers";
			sourceTree = "<group>";
		};
		F9D95D311B50CCC9002CCD2E /* General View Controllers */ = {
			isa = PBXGroup;
			children = (
				F9ACED7A1B5F193800935BC4 /* PreferencesViewController.swift */,
				F909259A1B674F8300D22320 /* PersonalizedPreferencesViewController.swift */,
				F98FC8721B5DCF73005FD7B8 /* LoginViewController.swift */,
				F9D95D321B50CD15002CCD2E /* EditFromCellViewController.swift */,
				F92A262F1B6CB98000B236A0 /* LongTextEditFromCellViewController.swift */,
				F94F76D71B6DA7B600A5FDC6 /* MapEditFromCellViewController.swift */,
				F91FD2F71B6C2E2B00532EB1 /* InformationMessageViewController.swift */,
			);
			name = "General View Controllers";
			sourceTree = "<group>";
		};
		F9DD0B041B70898F0011F62F /* GLCalendarViewSources */ = {
			isa = PBXGroup;
			children = (
				F9DD0B051B70898F0011F62F /* GLCalendarDateRange.h */,
				F9DD0B061B70898F0011F62F /* GLCalendarDateRange.m */,
				F9DD0B071B70898F0011F62F /* GLCalendarDayCell */,
				F9DD0B0D1B70898F0011F62F /* GLCalendarMonthCoverView.h */,
				F9DD0B0E1B70898F0011F62F /* GLCalendarMonthCoverView.m */,
				F9DD0B0F1B70898F0011F62F /* GLCalendarView.h */,
				F9DD0B101B70898F0011F62F /* GLCalendarView.m */,
				F9DD0B111B70898F0011F62F /* GLCalendarView.xib */,
				F9DD0B121B70898F0011F62F /* GLDateUtils.h */,
				F9DD0B131B70898F0011F62F /* GLDateUtils.m */,
				F9DD0B141B70898F0011F62F /* Images */,
			);
			path = GLCalendarViewSources;
			sourceTree = "<group>";
		};
		F9DD0B071B70898F0011F62F /* GLCalendarDayCell */ = {
			isa = PBXGroup;
			children = (
				F9DD0B081B70898F0011F62F /* GLCalendarDayCell.h */,
				F9DD0B091B70898F0011F62F /* GLCalendarDayCell.m */,
				F9DD0B0A1B70898F0011F62F /* GLCalendarDayCell.xib */,
				F9DD0B0B1B70898F0011F62F /* GLCalendarDayCellBackgroundCover.h */,
				F9DD0B0C1B70898F0011F62F /* GLCalendarDayCellBackgroundCover.m */,
			);
			path = GLCalendarDayCell;
			sourceTree = "<group>";
		};
		F9DD0B141B70898F0011F62F /* Images */ = {
			isa = PBXGroup;
			children = (
				F9DD0B151B70898F0011F62F /* gl-calendar-magnify-glass.png */,
				F9DD0B161B70898F0011F62F /* gl-calendar-magnify-glass@2x.png */,
				F9DD0B171B70898F0011F62F /* gl-calendar-shadow.png */,
				F9DD0B181B70898F0011F62F /* gl-calendar-shadow@2x.png */,
				F9DD0B191B70898F0011F62F /* gl-calendar-shadow@3x.png */,
			);
			path = Images;
			sourceTree = "<group>";
		};
		F9F832AC1B4B53C900C54882 = {
			isa = PBXGroup;
			children = (
				F9F832DE1B4B578300C54882 /* Resources */,
				F9F832B71B4B53C900C54882 /* Ankat */,
				F9F832E21B4B579200C54882 /* Frameworks */,
				F9F832CF1B4B53C900C54882 /* AnkatTests */,
				F9F832B61B4B53C900C54882 /* Products */,
			);
			sourceTree = "<group>";
		};
		F9F832B61B4B53C900C54882 /* Products */ = {
			isa = PBXGroup;
			children = (
				F9F832B51B4B53C900C54882 /* Ankat.app */,
				F9F832CC1B4B53C900C54882 /* AnkatTests.xctest */,
			);
			name = Products;
			sourceTree = "<group>";
		};
		F9F832B71B4B53C900C54882 /* Ankat */ = {
			isa = PBXGroup;
			children = (
				F9F832BA1B4B53C900C54882 /* AppDelegate.swift */,
				F9B907271B6BF97D009D9C2C /* My Offers */,
				F9D95D311B50CCC9002CCD2E /* General View Controllers */,
				F938BD2E1B4F29B100916C4E /* Views */,
				F93A4BB11B5482B100E1FB18 /* Models */,
				F98261421DB0CC4C00A1685A /* Controllers */,
				F9F832E51B4B5CAA00C54882 /* Helpers */,
				F9D95D361B50DBCE002CCD2E /* Main.storyboard */,
				F9F832C31B4B53C900C54882 /* Images.xcassets */,
				F92D2C691B4D0F59007DD3CE /* Monsters.xcassets */,
				F9F832C51B4B53C900C54882 /* LaunchScreen.xib */,
				F9F832B81B4B53C900C54882 /* Supporting Files */,
				F98FC8701B5DCB80005FD7B8 /* Ankat-Bridging-Header.h */,
			);
			path = Ankat;
			sourceTree = "<group>";
		};
		F9F832B81B4B53C900C54882 /* Supporting Files */ = {
			isa = PBXGroup;
			children = (
				F9F832B91B4B53C900C54882 /* Info.plist */,
			);
			name = "Supporting Files";
			sourceTree = "<group>";
		};
		F9F832CF1B4B53C900C54882 /* AnkatTests */ = {
			isa = PBXGroup;
			children = (
				F9F832D21B4B53C900C54882 /* AnkatTests.swift */,
				F9F832D01B4B53C900C54882 /* Supporting Files */,
			);
			path = AnkatTests;
			sourceTree = "<group>";
		};
		F9F832D01B4B53C900C54882 /* Supporting Files */ = {
			isa = PBXGroup;
			children = (
				F9F832D11B4B53C900C54882 /* Info.plist */,
			);
			name = "Supporting Files";
			sourceTree = "<group>";
		};
		F9F832DE1B4B578300C54882 /* Resources */ = {
			isa = PBXGroup;
			children = (
				F9F832DF1B4B578300C54882 /* images */,
			);
			name = Resources;
			path = Ankat/Resources;
			sourceTree = "<group>";
		};
		F9F832DF1B4B578300C54882 /* images */ = {
			isa = PBXGroup;
			children = (
				F982805A1B4C7CBF00435D10 /* MakeSchooolLogo.png */,
				F900F3A21B4BAAEB00A06829 /* Icon-01.png */,
				F938BD261B4F1A1300916C4E /* TMP */,
			);
			path = images;
			sourceTree = "<group>";
		};
		F9F832E21B4B579200C54882 /* Frameworks */ = {
			isa = PBXGroup;
			children = (
				F9DD0B041B70898F0011F62F /* GLCalendarViewSources */,
				F98FC86C1B5DC913005FD7B8 /* FacebookSDK.framework */,
				F98FC8611B5DC83A005FD7B8 /* FBAudienceNetwork.framework */,
				F98FC8621B5DC83A005FD7B8 /* FBSDKCoreKit.framework */,
				F98FC8631B5DC83B005FD7B8 /* FBSDKLoginKit.framework */,
				F98FC8641B5DC83B005FD7B8 /* FBSDKMessengerShareKit.framework */,
				F98FC8651B5DC83B005FD7B8 /* FBSDKShareKit.framework */,
				F9ACC6721B56DD0A00D12E49 /* AudioToolbox.framework */,
				F9ACC6701B56DD0300D12E49 /* CFNetwork.framework */,
				F9ACC66E1B56DCFC00D12E49 /* CoreGraphics.framework */,
				F9ACC66C1B56DCF500D12E49 /* CoreLocation.framework */,
				F9ACC66A1B56DCEE00D12E49 /* MobileCoreServices.framework */,
				F9ACC6681B56DCE000D12E49 /* Security.framework */,
				F9ACC6661B56DCD700D12E49 /* StoreKit.framework */,
				F9ACC6641B56DCCF00D12E49 /* SystemConfiguration.framework */,
				F9ACC6621B56DCC800D12E49 /* libz.dylib */,
				F9ACC6601B56DCBF00D12E49 /* libsqlite3.dylib */,
				F9ACC6541B56DCA800D12E49 /* Bolts.framework */,
				F9ACC6551B56DCA800D12E49 /* Parse.framework */,
				F9ACC6561B56DCA800D12E49 /* ParseCrashReporting.framework */,
				F9ACC6571B56DCA800D12E49 /* ParseFacebookUtils.framework */,
				F9ACC6581B56DCA800D12E49 /* ParseFacebookUtilsV4.framework */,
				F9ACC6591B56DCA800D12E49 /* ParseUI.framework */,
				F900F3A41B4BAB5E00A06829 /* QuartzCore.framework */,
				F9F832DC1B4B553F00C54882 /* MapKit.framework */,
			);
			path = Frameworks;
			sourceTree = "<group>";
		};
		F9F832E51B4B5CAA00C54882 /* Helpers */ = {
			isa = PBXGroup;
			children = (
				F982805F1B4C89BC00435D10 /* FrameAnimations.swift */,
				F98BFF4A1B62F6CB004C3443 /* HourDateFormatter.swift */,
				F9F832E61B4B5CC100C54882 /* Animator.swift */,
				F9FD5B7D1B504B8000A39DBD /* DataManager.swift */,
				F91FD2F91B6C33CE00532EB1 /* LoadingAlert.swift */,
				F9D95D341B50CF4B002CCD2E /* Extensions.swift */,
			);
			name = Helpers;
			sourceTree = "<group>";
		};
/* End PBXGroup section */

/* Begin PBXNativeTarget section */
		F9F832B41B4B53C900C54882 /* Ankat */ = {
			isa = PBXNativeTarget;
			buildConfigurationList = F9F832D61B4B53C900C54882 /* Build configuration list for PBXNativeTarget "Ankat" */;
			buildPhases = (
				F9F832B11B4B53C900C54882 /* Sources */,
				F9F832B21B4B53C900C54882 /* Frameworks */,
				F9F832B31B4B53C900C54882 /* Resources */,
				F982613F1DB0CA0000A1685A /* Embed Frameworks */,
			);
			buildRules = (
			);
			dependencies = (
			);
			name = Ankat;
			productName = Ankat;
			productReference = F9F832B51B4B53C900C54882 /* Ankat.app */;
			productType = "com.apple.product-type.application";
		};
		F9F832CB1B4B53C900C54882 /* AnkatTests */ = {
			isa = PBXNativeTarget;
			buildConfigurationList = F9F832D91B4B53C900C54882 /* Build configuration list for PBXNativeTarget "AnkatTests" */;
			buildPhases = (
				F9F832C81B4B53C900C54882 /* Sources */,
				F9F832C91B4B53C900C54882 /* Frameworks */,
				F9F832CA1B4B53C900C54882 /* Resources */,
			);
			buildRules = (
			);
			dependencies = (
				F9F832CE1B4B53C900C54882 /* PBXTargetDependency */,
			);
			name = AnkatTests;
			productName = AnkatTests;
			productReference = F9F832CC1B4B53C900C54882 /* AnkatTests.xctest */;
			productType = "com.apple.product-type.bundle.unit-test";
		};
/* End PBXNativeTarget section */

/* Begin PBXProject section */
		F9F832AD1B4B53C900C54882 /* Project object */ = {
			isa = PBXProject;
			attributes = {
				LastSwiftUpdateCheck = 0730;
				LastUpgradeCheck = 0800;
				ORGANIZATIONNAME = "Estamp World";
				TargetAttributes = {
					F9F832B41B4B53C900C54882 = {
						CreatedOnToolsVersion = 6.4;
						DevelopmentTeam = KDY2FY8979;
						LastSwiftMigration = 0800;
					};
					F9F832CB1B4B53C900C54882 = {
						CreatedOnToolsVersion = 6.4;
						LastSwiftMigration = 0800;
						TestTargetID = F9F832B41B4B53C900C54882;
					};
				};
			};
			buildConfigurationList = F9F832B01B4B53C900C54882 /* Build configuration list for PBXProject "Ankat" */;
			compatibilityVersion = "Xcode 3.2";
			developmentRegion = English;
			hasScannedForEncodings = 0;
			knownRegions = (
				en,
				Base,
				he,
			);
			mainGroup = F9F832AC1B4B53C900C54882;
			productRefGroup = F9F832B61B4B53C900C54882 /* Products */;
			projectDirPath = "";
			projectRoot = "";
			targets = (
				F9F832B41B4B53C900C54882 /* Ankat */,
				F9F832CB1B4B53C900C54882 /* AnkatTests */,
			);
		};
/* End PBXProject section */

/* Begin PBXResourcesBuildPhase section */
		F9F832B31B4B53C900C54882 /* Resources */ = {
			isa = PBXResourcesBuildPhase;
			buildActionMask = 2147483647;
			files = (
				F9DD0B261B70898F0011F62F /* gl-calendar-shadow@3x.png in Resources */,
				F9DD0B221B70898F0011F62F /* gl-calendar-magnify-glass.png in Resources */,
				F9DD0B231B70898F0011F62F /* gl-calendar-magnify-glass@2x.png in Resources */,
				F900F3A31B4BAAEB00A06829 /* Icon-01.png in Resources */,
				F9F832C71B4B53C900C54882 /* LaunchScreen.xib in Resources */,
				F982805B1B4C7CBF00435D10 /* MakeSchooolLogo.png in Resources */,
				F9DD0B1C1B70898F0011F62F /* GLCalendarDayCell.xib in Resources */,
				F9F832C41B4B53C900C54882 /* Images.xcassets in Resources */,
				F9D95D371B50DBCE002CCD2E /* Main.storyboard in Resources */,
				F9177EFF1B6B698700760AB9 /* calendar-128.png in Resources */,
				F92D2C6A1B4D0F59007DD3CE /* Monsters.xcassets in Resources */,
				F9DD0B251B70898F0011F62F /* gl-calendar-shadow@2x.png in Resources */,
				F9DD0B241B70898F0011F62F /* gl-calendar-shadow.png in Resources */,
				F9DD0B201B70898F0011F62F /* GLCalendarView.xib in Resources */,
			);
			runOnlyForDeploymentPostprocessing = 0;
		};
		F9F832CA1B4B53C900C54882 /* Resources */ = {
			isa = PBXResourcesBuildPhase;
			buildActionMask = 2147483647;
			files = (
			);
			runOnlyForDeploymentPostprocessing = 0;
		};
/* End PBXResourcesBuildPhase section */

/* Begin PBXSourcesBuildPhase section */
		F9F832B11B4B53C900C54882 /* Sources */ = {
			isa = PBXSourcesBuildPhase;
			buildActionMask = 2147483647;
			files = (
				F9D95D331B50CD15002CCD2E /* EditFromCellViewController.swift in Sources */,
				F93053B61B4FA2BC006640CF /* OfferTableViewCell.swift in Sources */,
				F91FD2F81B6C2E2B00532EB1 /* InformationMessageViewController.swift in Sources */,
				F91FD2FA1B6C33CE00532EB1 /* LoadingAlert.swift in Sources */,
				F938BD2A1B4F1A7C00916C4E /* SettingsViewController.swift in Sources */,
				F98FC8731B5DCF73005FD7B8 /* LoginViewController.swift in Sources */,
				F9F832E71B4B5CC100C54882 /* Animator.swift in Sources */,
				F98BFF491B62CCF5004C3443 /* BestOfferViewController.swift in Sources */,
				F9DD0B281B708AEC0011F62F /* OfferCalendarViewController.swift in Sources */,
				F9F832BF1B4B53C900C54882 /* OffersListViewController.swift in Sources */,
				F9F832BB1B4B53C900C54882 /* AppDelegate.swift in Sources */,
				F92A26301B6CB98000B236A0 /* LongTextEditFromCellViewController.swift in Sources */,
				F959395B1B570BAC001B981D /* AddOfferDetailViewController.swift in Sources */,
				F91FD2F61B6C236E00532EB1 /* SelectOfferDayViewController.swift in Sources */,
				F9DD0B1D1B70898F0011F62F /* GLCalendarDayCellBackgroundCover.m in Sources */,
				F9F832BD1B4B53C900C54882 /* MapViewController.swift in Sources */,
				F990E3871B606CE6000207FA /* StatusViewController.swift in Sources */,
				F94F76D81B6DA7B600A5FDC6 /* MapEditFromCellViewController.swift in Sources */,
				F909259B1B674F8300D22320 /* PersonalizedPreferencesViewController.swift in Sources */,
				F9DD0B211B70898F0011F62F /* GLDateUtils.m in Sources */,
				F9DD0B1B1B70898F0011F62F /* GLCalendarDayCell.m in Sources */,
				F9DD0B1F1B70898F0011F62F /* GLCalendarView.m in Sources */,
				F9F0F9C41B58587A00437D4B /* Subcategory.swift in Sources */,
				F9DFEC401B4F34AA00318360 /* UserSwitchTableViewCell.swift in Sources */,
				F9ACED7B1B5F193800935BC4 /* PreferencesViewController.swift in Sources */,
				F98BFF4B1B62F6CB004C3443 /* HourDateFormatter.swift in Sources */,
				F900F3A11B4BA64900A06829 /* OfferDetailViewController.swift in Sources */,
				F933C16D1B50658E00BF1691 /* AddOfferCategoryViewController.swift in Sources */,
				F93A4BB31B5482B100E1FB18 /* Offer.swift in Sources */,
				F9BA159C1B698DB600155847 /* Preference.swift in Sources */,
				F972BFA51B4F421E004FDAEC /* UserProfileTableViewCell.swift in Sources */,
				F9FDBAA11B576FDA0020DABA /* AddOfferSavedViewController.swift in Sources */,
				F9DD0B1A1B70898F0011F62F /* GLCalendarDateRange.m in Sources */,
				F933C1711B506DD800BF1691 /* NewOfferCollectionViewCell.swift in Sources */,
				F9D95D351B50CF4B002CCD2E /* Extensions.swift in Sources */,
				F9DD0B1E1B70898F0011F62F /* GLCalendarMonthCoverView.m in Sources */,
				F9703FC81B508C9400E9B4DE /* AddOfferInformationViewController.swift in Sources */,
				F933C16F1B50682E00BF1691 /* AddNewOfferViewController.swift in Sources */,
				F9FD5B7E1B504B8000A39DBD /* DataManager.swift in Sources */,
				F99E1F0D1B55D8E30095EF9C /* MyOffersListViewController.swift in Sources */,
				F98280601B4C89BC00435D10 /* FrameAnimations.swift in Sources */,
			);
			runOnlyForDeploymentPostprocessing = 0;
		};
		F9F832C81B4B53C900C54882 /* Sources */ = {
			isa = PBXSourcesBuildPhase;
			buildActionMask = 2147483647;
			files = (
				F9F832D31B4B53C900C54882 /* AnkatTests.swift in Sources */,
			);
			runOnlyForDeploymentPostprocessing = 0;
		};
/* End PBXSourcesBuildPhase section */

/* Begin PBXTargetDependency section */
		F9F832CE1B4B53C900C54882 /* PBXTargetDependency */ = {
			isa = PBXTargetDependency;
			target = F9F832B41B4B53C900C54882 /* Ankat */;
			targetProxy = F9F832CD1B4B53C900C54882 /* PBXContainerItemProxy */;
		};
/* End PBXTargetDependency section */

/* Begin PBXVariantGroup section */
		F9F832C51B4B53C900C54882 /* LaunchScreen.xib */ = {
			isa = PBXVariantGroup;
			children = (
				F9F832C61B4B53C900C54882 /* Base */,
			);
			name = LaunchScreen.xib;
			sourceTree = "<group>";
		};
/* End PBXVariantGroup section */

/* Begin XCBuildConfiguration section */
		F9F832D41B4B53C900C54882 /* Debug */ = {
			isa = XCBuildConfiguration;
			buildSettings = {
				ALWAYS_SEARCH_USER_PATHS = NO;
				CLANG_ANALYZER_LOCALIZABILITY_NONLOCALIZED = YES;
				CLANG_CXX_LANGUAGE_STANDARD = "gnu++0x";
				CLANG_CXX_LIBRARY = "libc++";
				CLANG_ENABLE_MODULES = YES;
				CLANG_ENABLE_OBJC_ARC = YES;
				CLANG_WARN_BOOL_CONVERSION = YES;
				CLANG_WARN_CONSTANT_CONVERSION = YES;
				CLANG_WARN_DIRECT_OBJC_ISA_USAGE = YES_ERROR;
				CLANG_WARN_EMPTY_BODY = YES;
				CLANG_WARN_ENUM_CONVERSION = YES;
				CLANG_WARN_INFINITE_RECURSION = YES;
				CLANG_WARN_INT_CONVERSION = YES;
				CLANG_WARN_OBJC_ROOT_CLASS = YES_ERROR;
				CLANG_WARN_SUSPICIOUS_MOVE = YES;
				CLANG_WARN_UNREACHABLE_CODE = YES;
				CLANG_WARN__DUPLICATE_METHOD_MATCH = YES;
				"CODE_SIGN_IDENTITY[sdk=iphoneos*]" = "iPhone Developer";
				COPY_PHASE_STRIP = NO;
				DEBUG_INFORMATION_FORMAT = "dwarf-with-dsym";
				ENABLE_STRICT_OBJC_MSGSEND = YES;
				ENABLE_TESTABILITY = YES;
				GCC_C_LANGUAGE_STANDARD = gnu99;
				GCC_DYNAMIC_NO_PIC = NO;
				GCC_NO_COMMON_BLOCKS = YES;
				GCC_OPTIMIZATION_LEVEL = 0;
				GCC_PREPROCESSOR_DEFINITIONS = (
					"DEBUG=1",
					"$(inherited)",
				);
				GCC_SYMBOLS_PRIVATE_EXTERN = NO;
				GCC_WARN_64_TO_32_BIT_CONVERSION = YES;
				GCC_WARN_ABOUT_RETURN_TYPE = YES_ERROR;
				GCC_WARN_UNDECLARED_SELECTOR = YES;
				GCC_WARN_UNINITIALIZED_AUTOS = YES_AGGRESSIVE;
				GCC_WARN_UNUSED_FUNCTION = YES;
				GCC_WARN_UNUSED_VARIABLE = YES;
				IPHONEOS_DEPLOYMENT_TARGET = 8.0;
				MTL_ENABLE_DEBUG_INFO = YES;
				ONLY_ACTIVE_ARCH = YES;
				SDKROOT = iphoneos;
				SWIFT_OPTIMIZATION_LEVEL = "-Onone";
				TARGETED_DEVICE_FAMILY = "1,2";
			};
			name = Debug;
		};
		F9F832D51B4B53C900C54882 /* Release */ = {
			isa = XCBuildConfiguration;
			buildSettings = {
				ALWAYS_SEARCH_USER_PATHS = NO;
				CLANG_ANALYZER_LOCALIZABILITY_NONLOCALIZED = YES;
				CLANG_CXX_LANGUAGE_STANDARD = "gnu++0x";
				CLANG_CXX_LIBRARY = "libc++";
				CLANG_ENABLE_MODULES = YES;
				CLANG_ENABLE_OBJC_ARC = YES;
				CLANG_WARN_BOOL_CONVERSION = YES;
				CLANG_WARN_CONSTANT_CONVERSION = YES;
				CLANG_WARN_DIRECT_OBJC_ISA_USAGE = YES_ERROR;
				CLANG_WARN_EMPTY_BODY = YES;
				CLANG_WARN_ENUM_CONVERSION = YES;
				CLANG_WARN_INFINITE_RECURSION = YES;
				CLANG_WARN_INT_CONVERSION = YES;
				CLANG_WARN_OBJC_ROOT_CLASS = YES_ERROR;
				CLANG_WARN_SUSPICIOUS_MOVE = YES;
				CLANG_WARN_UNREACHABLE_CODE = YES;
				CLANG_WARN__DUPLICATE_METHOD_MATCH = YES;
				"CODE_SIGN_IDENTITY[sdk=iphoneos*]" = "iPhone Developer";
				COPY_PHASE_STRIP = NO;
				DEBUG_INFORMATION_FORMAT = "dwarf-with-dsym";
				ENABLE_NS_ASSERTIONS = NO;
				ENABLE_STRICT_OBJC_MSGSEND = YES;
				GCC_C_LANGUAGE_STANDARD = gnu99;
				GCC_NO_COMMON_BLOCKS = YES;
				GCC_WARN_64_TO_32_BIT_CONVERSION = YES;
				GCC_WARN_ABOUT_RETURN_TYPE = YES_ERROR;
				GCC_WARN_UNDECLARED_SELECTOR = YES;
				GCC_WARN_UNINITIALIZED_AUTOS = YES_AGGRESSIVE;
				GCC_WARN_UNUSED_FUNCTION = YES;
				GCC_WARN_UNUSED_VARIABLE = YES;
				IPHONEOS_DEPLOYMENT_TARGET = 8.0;
				MTL_ENABLE_DEBUG_INFO = NO;
				SDKROOT = iphoneos;
				SWIFT_OPTIMIZATION_LEVEL = "-Owholemodule";
				TARGETED_DEVICE_FAMILY = "1,2";
				VALIDATE_PRODUCT = YES;
			};
			name = Release;
		};
		F9F832D71B4B53C900C54882 /* Debug */ = {
			isa = XCBuildConfiguration;
			buildSettings = {
				ASSETCATALOG_COMPILER_APPICON_NAME = AppIcon;
				CLANG_ENABLE_MODULES = YES;
				CODE_SIGN_IDENTITY = "iPhone Developer";
				ENABLE_BITCODE = NO;
				FRAMEWORK_SEARCH_PATHS = (
					"$(inherited)",
					"$(PROJECT_DIR)",
					"$(PROJECT_DIR)/Frameworks",
				);
				INFOPLIST_FILE = Ankat/Info.plist;
				IPHONEOS_DEPLOYMENT_TARGET = 8.0;
				LD_RUNPATH_SEARCH_PATHS = "$(inherited) @executable_path/Frameworks";
				PRODUCT_BUNDLE_IDENTIFIER = "com.estampworld.$(PRODUCT_NAME:rfc1034identifier)";
				PRODUCT_NAME = "$(TARGET_NAME)";
				SWIFT_OBJC_BRIDGING_HEADER = "Ankat/Ankat-Bridging-Header.h";
				SWIFT_OPTIMIZATION_LEVEL = "-Onone";
				SWIFT_VERSION = 3.0;
			};
			name = Debug;
		};
		F9F832D81B4B53C900C54882 /* Release */ = {
			isa = XCBuildConfiguration;
			buildSettings = {
				ASSETCATALOG_COMPILER_APPICON_NAME = AppIcon;
				CLANG_ENABLE_MODULES = YES;
				CODE_SIGN_IDENTITY = "iPhone Developer";
				ENABLE_BITCODE = NO;
				FRAMEWORK_SEARCH_PATHS = (
					"$(inherited)",
					"$(PROJECT_DIR)",
					"$(PROJECT_DIR)/Frameworks",
				);
				INFOPLIST_FILE = Ankat/Info.plist;
				IPHONEOS_DEPLOYMENT_TARGET = 8.0;
				LD_RUNPATH_SEARCH_PATHS = "$(inherited) @executable_path/Frameworks";
				PRODUCT_BUNDLE_IDENTIFIER = "com.estampworld.$(PRODUCT_NAME:rfc1034identifier)";
				PRODUCT_NAME = "$(TARGET_NAME)";
				SWIFT_OBJC_BRIDGING_HEADER = "Ankat/Ankat-Bridging-Header.h";
				SWIFT_VERSION = 3.0;
			};
			name = Release;
		};
		F9F832DA1B4B53C900C54882 /* Debug */ = {
			isa = XCBuildConfiguration;
			buildSettings = {
				BUNDLE_LOADER = "$(TEST_HOST)";
				FRAMEWORK_SEARCH_PATHS = (
					"$(SDKROOT)/Developer/Library/Frameworks",
					"$(inherited)",
				);
				GCC_PREPROCESSOR_DEFINITIONS = (
					"DEBUG=1",
					"$(inherited)",
				);
				INFOPLIST_FILE = AnkatTests/Info.plist;
				LD_RUNPATH_SEARCH_PATHS = "$(inherited) @executable_path/Frameworks @loader_path/Frameworks";
				PRODUCT_BUNDLE_IDENTIFIER = "com.estamp.$(PRODUCT_NAME:rfc1034identifier)";
				PRODUCT_NAME = "$(TARGET_NAME)";
				SWIFT_VERSION = 3.0;
				TEST_HOST = "$(BUILT_PRODUCTS_DIR)/Ankat.app/Ankat";
			};
			name = Debug;
		};
		F9F832DB1B4B53C900C54882 /* Release */ = {
			isa = XCBuildConfiguration;
			buildSettings = {
				BUNDLE_LOADER = "$(TEST_HOST)";
				FRAMEWORK_SEARCH_PATHS = (
					"$(SDKROOT)/Developer/Library/Frameworks",
					"$(inherited)",
				);
				INFOPLIST_FILE = AnkatTests/Info.plist;
				LD_RUNPATH_SEARCH_PATHS = "$(inherited) @executable_path/Frameworks @loader_path/Frameworks";
				PRODUCT_BUNDLE_IDENTIFIER = "com.estamp.$(PRODUCT_NAME:rfc1034identifier)";
				PRODUCT_NAME = "$(TARGET_NAME)";
				SWIFT_VERSION = 3.0;
				TEST_HOST = "$(BUILT_PRODUCTS_DIR)/Ankat.app/Ankat";
			};
			name = Release;
		};
/* End XCBuildConfiguration section */

/* Begin XCConfigurationList section */
		F9F832B01B4B53C900C54882 /* Build configuration list for PBXProject "Ankat" */ = {
			isa = XCConfigurationList;
			buildConfigurations = (
				F9F832D41B4B53C900C54882 /* Debug */,
				F9F832D51B4B53C900C54882 /* Release */,
			);
			defaultConfigurationIsVisible = 0;
			defaultConfigurationName = Release;
		};
		F9F832D61B4B53C900C54882 /* Build configuration list for PBXNativeTarget "Ankat" */ = {
			isa = XCConfigurationList;
			buildConfigurations = (
				F9F832D71B4B53C900C54882 /* Debug */,
				F9F832D81B4B53C900C54882 /* Release */,
			);
			defaultConfigurationIsVisible = 0;
			defaultConfigurationName = Release;
		};
		F9F832D91B4B53C900C54882 /* Build configuration list for PBXNativeTarget "AnkatTests" */ = {
			isa = XCConfigurationList;
			buildConfigurations = (
				F9F832DA1B4B53C900C54882 /* Debug */,
				F9F832DB1B4B53C900C54882 /* Release */,
			);
			defaultConfigurationIsVisible = 0;
			defaultConfigurationName = Release;
		};
/* End XCConfigurationList section */
	};
	rootObject = F9F832AD1B4B53C900C54882 /* Project object */;
}
